// !$*UTF8*$!
{
	archiveVersion = 1;
	classes = {
	};
	objectVersion = 50;
	objects = {

/* Begin PBXBuildFile section */
		5D400DBF26550F3600AC5533 /* AppDelegate.swift in Sources */ = {isa = PBXBuildFile; fileRef = 5D400DBE26550F3600AC5533 /* AppDelegate.swift */; };
		5D400DC126550F3600AC5533 /* SceneDelegate.swift in Sources */ = {isa = PBXBuildFile; fileRef = 5D400DC026550F3600AC5533 /* SceneDelegate.swift */; };
		5D400DC326550F3600AC5533 /* ViewController.swift in Sources */ = {isa = PBXBuildFile; fileRef = 5D400DC226550F3600AC5533 /* ViewController.swift */; };
		5D400DC626550F3600AC5533 /* Main.storyboard in Resources */ = {isa = PBXBuildFile; fileRef = 5D400DC426550F3600AC5533 /* Main.storyboard */; };
		5D400DC826550F3700AC5533 /* Assets.xcassets in Resources */ = {isa = PBXBuildFile; fileRef = 5D400DC726550F3700AC5533 /* Assets.xcassets */; };
		5D400DCB26550F3700AC5533 /* LaunchScreen.storyboard in Resources */ = {isa = PBXBuildFile; fileRef = 5D400DC926550F3700AC5533 /* LaunchScreen.storyboard */; };
		5D400DD626550F3700AC5533 /* FacebookTests.swift in Sources */ = {isa = PBXBuildFile; fileRef = 5D400DD526550F3700AC5533 /* FacebookTests.swift */; };
		5D400DE126550F3700AC5533 /* FacebookUITests.swift in Sources */ = {isa = PBXBuildFile; fileRef = 5D400DE026550F3700AC5533 /* FacebookUITests.swift */; };
		5D4C2D382657BD6000988865 /* Social.framework in Frameworks */ = {isa = PBXBuildFile; fileRef = 5D4C2D372657BD6000988865 /* Social.framework */; };
		5D4D076F265620BE00F49070 /* FacebookManager.swift in Sources */ = {isa = PBXBuildFile; fileRef = 5D4D076E265620BE00F49070 /* FacebookManager.swift */; };
		5D4D077F2656297C00F49070 /* FBSDKCoreKit.framework in Frameworks */ = {isa = PBXBuildFile; fileRef = 5D37F744265519E2002666D0 /* FBSDKCoreKit.framework */; };
		5D4D07802656297C00F49070 /* FBSDKLoginKit.framework in Frameworks */ = {isa = PBXBuildFile; fileRef = 5D37F742265519E2002666D0 /* FBSDKLoginKit.framework */; };
		5D4D07812656297C00F49070 /* FBSDKShareKit.framework in Frameworks */ = {isa = PBXBuildFile; fileRef = 5D37F743265519E2002666D0 /* FBSDKShareKit.framework */; };
		5D4D079B2656558400F49070 /* FacebookProfile.swift in Sources */ = {isa = PBXBuildFile; fileRef = 5D4D079A2656558400F49070 /* FacebookProfile.swift */; };
		5D4D07A0265655C800F49070 /* FacebookProfile.storyboard in Resources */ = {isa = PBXBuildFile; fileRef = 5D4D079F265655C800F49070 /* FacebookProfile.storyboard */; };
/* End PBXBuildFile section */

/* Begin PBXContainerItemProxy section */
		5D400DD226550F3700AC5533 /* PBXContainerItemProxy */ = {
			isa = PBXContainerItemProxy;
			containerPortal = 5D400DB326550F3600AC5533 /* Project object */;
			proxyType = 1;
			remoteGlobalIDString = 5D400DBA26550F3600AC5533;
			remoteInfo = Facebook;
		};
		5D400DDD26550F3700AC5533 /* PBXContainerItemProxy */ = {
			isa = PBXContainerItemProxy;
			containerPortal = 5D400DB326550F3600AC5533 /* Project object */;
			proxyType = 1;
			remoteGlobalIDString = 5D400DBA26550F3600AC5533;
			remoteInfo = Facebook;
		};
/* End PBXContainerItemProxy section */

/* Begin PBXFileReference section */
		5D37F742265519E2002666D0 /* FBSDKLoginKit.framework */ = {isa = PBXFileReference; lastKnownFileType = wrapper.framework; name = FBSDKLoginKit.framework; path = Carthage/Build/iOS/FBSDKLoginKit.framework; sourceTree = "<group>"; };
		5D37F743265519E2002666D0 /* FBSDKShareKit.framework */ = {isa = PBXFileReference; lastKnownFileType = wrapper.framework; name = FBSDKShareKit.framework; path = Carthage/Build/iOS/FBSDKShareKit.framework; sourceTree = "<group>"; };
		5D37F744265519E2002666D0 /* FBSDKCoreKit.framework */ = {isa = PBXFileReference; lastKnownFileType = wrapper.framework; name = FBSDKCoreKit.framework; path = Carthage/Build/iOS/FBSDKCoreKit.framework; sourceTree = "<group>"; };
		5D37F745265519E2002666D0 /* FBSDKGamingServicesKit.framework */ = {isa = PBXFileReference; lastKnownFileType = wrapper.framework; name = FBSDKGamingServicesKit.framework; path = Carthage/Build/iOS/FBSDKGamingServicesKit.framework; sourceTree = "<group>"; };
		5D400DBB26550F3600AC5533 /* Facebook.app */ = {isa = PBXFileReference; explicitFileType = wrapper.application; includeInIndex = 0; path = Facebook.app; sourceTree = BUILT_PRODUCTS_DIR; };
		5D400DBE26550F3600AC5533 /* AppDelegate.swift */ = {isa = PBXFileReference; lastKnownFileType = sourcecode.swift; path = AppDelegate.swift; sourceTree = "<group>"; };
		5D400DC026550F3600AC5533 /* SceneDelegate.swift */ = {isa = PBXFileReference; lastKnownFileType = sourcecode.swift; path = SceneDelegate.swift; sourceTree = "<group>"; };
		5D400DC226550F3600AC5533 /* ViewController.swift */ = {isa = PBXFileReference; lastKnownFileType = sourcecode.swift; path = ViewController.swift; sourceTree = "<group>"; };
		5D400DC526550F3600AC5533 /* Base */ = {isa = PBXFileReference; lastKnownFileType = file.storyboard; name = Base; path = Base.lproj/Main.storyboard; sourceTree = "<group>"; };
		5D400DC726550F3700AC5533 /* Assets.xcassets */ = {isa = PBXFileReference; lastKnownFileType = folder.assetcatalog; path = Assets.xcassets; sourceTree = "<group>"; };
		5D400DCA26550F3700AC5533 /* Base */ = {isa = PBXFileReference; lastKnownFileType = file.storyboard; name = Base; path = Base.lproj/LaunchScreen.storyboard; sourceTree = "<group>"; };
		5D400DCC26550F3700AC5533 /* Info.plist */ = {isa = PBXFileReference; lastKnownFileType = text.plist.xml; path = Info.plist; sourceTree = "<group>"; };
		5D400DD126550F3700AC5533 /* FacebookTests.xctest */ = {isa = PBXFileReference; explicitFileType = wrapper.cfbundle; includeInIndex = 0; path = FacebookTests.xctest; sourceTree = BUILT_PRODUCTS_DIR; };
		5D400DD526550F3700AC5533 /* FacebookTests.swift */ = {isa = PBXFileReference; lastKnownFileType = sourcecode.swift; path = FacebookTests.swift; sourceTree = "<group>"; };
		5D400DD726550F3700AC5533 /* Info.plist */ = {isa = PBXFileReference; lastKnownFileType = text.plist.xml; path = Info.plist; sourceTree = "<group>"; };
		5D400DDC26550F3700AC5533 /* FacebookUITests.xctest */ = {isa = PBXFileReference; explicitFileType = wrapper.cfbundle; includeInIndex = 0; path = FacebookUITests.xctest; sourceTree = BUILT_PRODUCTS_DIR; };
		5D400DE026550F3700AC5533 /* FacebookUITests.swift */ = {isa = PBXFileReference; lastKnownFileType = sourcecode.swift; path = FacebookUITests.swift; sourceTree = "<group>"; };
		5D400DE226550F3700AC5533 /* Info.plist */ = {isa = PBXFileReference; lastKnownFileType = text.plist.xml; path = Info.plist; sourceTree = "<group>"; };
		5D4C2D372657BD6000988865 /* Social.framework */ = {isa = PBXFileReference; lastKnownFileType = wrapper.framework; name = Social.framework; path = System/Library/Frameworks/Social.framework; sourceTree = SDKROOT; };
		5D4D076E265620BE00F49070 /* FacebookManager.swift */ = {isa = PBXFileReference; lastKnownFileType = sourcecode.swift; path = FacebookManager.swift; sourceTree = "<group>"; };
		5D4D079A2656558400F49070 /* FacebookProfile.swift */ = {isa = PBXFileReference; lastKnownFileType = sourcecode.swift; path = FacebookProfile.swift; sourceTree = "<group>"; };
		5D4D079F265655C800F49070 /* FacebookProfile.storyboard */ = {isa = PBXFileReference; lastKnownFileType = file.storyboard; path = FacebookProfile.storyboard; sourceTree = "<group>"; };
/* End PBXFileReference section */

/* Begin PBXFrameworksBuildPhase section */
		5D400DB826550F3600AC5533 /* Frameworks */ = {
			isa = PBXFrameworksBuildPhase;
			buildActionMask = 2147483647;
			files = (
				5D4C2D382657BD6000988865 /* Social.framework in Frameworks */,
				5D4D077F2656297C00F49070 /* FBSDKCoreKit.framework in Frameworks */,
				5D4D07802656297C00F49070 /* FBSDKLoginKit.framework in Frameworks */,
				5D4D07812656297C00F49070 /* FBSDKShareKit.framework in Frameworks */,
			);
			runOnlyForDeploymentPostprocessing = 0;
		};
		5D400DCE26550F3700AC5533 /* Frameworks */ = {
			isa = PBXFrameworksBuildPhase;
			buildActionMask = 2147483647;
			files = (
			);
			runOnlyForDeploymentPostprocessing = 0;
		};
		5D400DD926550F3700AC5533 /* Frameworks */ = {
			isa = PBXFrameworksBuildPhase;
			buildActionMask = 2147483647;
			files = (
			);
			runOnlyForDeploymentPostprocessing = 0;
		};
/* End PBXFrameworksBuildPhase section */

/* Begin PBXGroup section */
		5D37F741265519E2002666D0 /* Frameworks */ = {
			isa = PBXGroup;
			children = (
				5D4C2D372657BD6000988865 /* Social.framework */,
				5D37F744265519E2002666D0 /* FBSDKCoreKit.framework */,
				5D37F745265519E2002666D0 /* FBSDKGamingServicesKit.framework */,
				5D37F742265519E2002666D0 /* FBSDKLoginKit.framework */,
				5D37F743265519E2002666D0 /* FBSDKShareKit.framework */,
			);
			name = Frameworks;
			sourceTree = "<group>";
		};
		5D400DB226550F3600AC5533 = {
			isa = PBXGroup;
			children = (
				5D400DBD26550F3600AC5533 /* Facebook */,
				5D400DD426550F3700AC5533 /* FacebookTests */,
				5D400DDF26550F3700AC5533 /* FacebookUITests */,
				5D400DBC26550F3600AC5533 /* Products */,
				5D37F741265519E2002666D0 /* Frameworks */,
			);
			sourceTree = "<group>";
		};
		5D400DBC26550F3600AC5533 /* Products */ = {
			isa = PBXGroup;
			children = (
				5D400DBB26550F3600AC5533 /* Facebook.app */,
				5D400DD126550F3700AC5533 /* FacebookTests.xctest */,
				5D400DDC26550F3700AC5533 /* FacebookUITests.xctest */,
			);
			name = Products;
			sourceTree = "<group>";
		};
		5D400DBD26550F3600AC5533 /* Facebook */ = {
			isa = PBXGroup;
			children = (
				5D400DBE26550F3600AC5533 /* AppDelegate.swift */,
				5D4D079A2656558400F49070 /* FacebookProfile.swift */,
				5D4D079F265655C800F49070 /* FacebookProfile.storyboard */,
				5D400DC026550F3600AC5533 /* SceneDelegate.swift */,
				5D400DC226550F3600AC5533 /* ViewController.swift */,
				5D400DC426550F3600AC5533 /* Main.storyboard */,
				5D400DC726550F3700AC5533 /* Assets.xcassets */,
				5D400DC926550F3700AC5533 /* LaunchScreen.storyboard */,
				5D400DCC26550F3700AC5533 /* Info.plist */,
				5D4D076E265620BE00F49070 /* FacebookManager.swift */,
			);
			path = Facebook;
			sourceTree = "<group>";
		};
		5D400DD426550F3700AC5533 /* FacebookTests */ = {
			isa = PBXGroup;
			children = (
				5D400DD526550F3700AC5533 /* FacebookTests.swift */,
				5D400DD726550F3700AC5533 /* Info.plist */,
			);
			path = FacebookTests;
			sourceTree = "<group>";
		};
		5D400DDF26550F3700AC5533 /* FacebookUITests */ = {
			isa = PBXGroup;
			children = (
				5D400DE026550F3700AC5533 /* FacebookUITests.swift */,
				5D400DE226550F3700AC5533 /* Info.plist */,
			);
			path = FacebookUITests;
			sourceTree = "<group>";
		};
/* End PBXGroup section */

/* Begin PBXNativeTarget section */
		5D400DBA26550F3600AC5533 /* Facebook */ = {
			isa = PBXNativeTarget;
			buildConfigurationList = 5D400DE526550F3700AC5533 /* Build configuration list for PBXNativeTarget "Facebook" */;
			buildPhases = (
				5D400DB726550F3600AC5533 /* Sources */,
				5D400DB826550F3600AC5533 /* Frameworks */,
				5D400DB926550F3600AC5533 /* Resources */,
				5D37F74A265519FB002666D0 /* ShellScript */,
			);
			buildRules = (
			);
			dependencies = (
			);
			name = Facebook;
			productName = Facebook;
			productReference = 5D400DBB26550F3600AC5533 /* Facebook.app */;
			productType = "com.apple.product-type.application";
		};
		5D400DD026550F3700AC5533 /* FacebookTests */ = {
			isa = PBXNativeTarget;
			buildConfigurationList = 5D400DE826550F3700AC5533 /* Build configuration list for PBXNativeTarget "FacebookTests" */;
			buildPhases = (
				5D400DCD26550F3700AC5533 /* Sources */,
				5D400DCE26550F3700AC5533 /* Frameworks */,
				5D400DCF26550F3700AC5533 /* Resources */,
			);
			buildRules = (
			);
			dependencies = (
				5D400DD326550F3700AC5533 /* PBXTargetDependency */,
			);
			name = FacebookTests;
			productName = FacebookTests;
			productReference = 5D400DD126550F3700AC5533 /* FacebookTests.xctest */;
			productType = "com.apple.product-type.bundle.unit-test";
		};
		5D400DDB26550F3700AC5533 /* FacebookUITests */ = {
			isa = PBXNativeTarget;
			buildConfigurationList = 5D400DEB26550F3700AC5533 /* Build configuration list for PBXNativeTarget "FacebookUITests" */;
			buildPhases = (
				5D400DD826550F3700AC5533 /* Sources */,
				5D400DD926550F3700AC5533 /* Frameworks */,
				5D400DDA26550F3700AC5533 /* Resources */,
			);
			buildRules = (
			);
			dependencies = (
				5D400DDE26550F3700AC5533 /* PBXTargetDependency */,
			);
			name = FacebookUITests;
			productName = FacebookUITests;
			productReference = 5D400DDC26550F3700AC5533 /* FacebookUITests.xctest */;
			productType = "com.apple.product-type.bundle.ui-testing";
		};
/* End PBXNativeTarget section */

/* Begin PBXProject section */
		5D400DB326550F3600AC5533 /* Project object */ = {
			isa = PBXProject;
			attributes = {
				LastSwiftUpdateCheck = 1220;
				LastUpgradeCheck = 1220;
				TargetAttributes = {
					5D400DBA26550F3600AC5533 = {
						CreatedOnToolsVersion = 12.2;
					};
					5D400DD026550F3700AC5533 = {
						CreatedOnToolsVersion = 12.2;
						TestTargetID = 5D400DBA26550F3600AC5533;
					};
					5D400DDB26550F3700AC5533 = {
						CreatedOnToolsVersion = 12.2;
						TestTargetID = 5D400DBA26550F3600AC5533;
					};
				};
			};
			buildConfigurationList = 5D400DB626550F3600AC5533 /* Build configuration list for PBXProject "Facebook" */;
			compatibilityVersion = "Xcode 9.3";
			developmentRegion = en;
			hasScannedForEncodings = 0;
			knownRegions = (
				en,
				Base,
			);
			mainGroup = 5D400DB226550F3600AC5533;
			productRefGroup = 5D400DBC26550F3600AC5533 /* Products */;
			projectDirPath = "";
			projectRoot = "";
			targets = (
				5D400DBA26550F3600AC5533 /* Facebook */,
				5D400DD026550F3700AC5533 /* FacebookTests */,
				5D400DDB26550F3700AC5533 /* FacebookUITests */,
			);
		};
/* End PBXProject section */

/* Begin PBXResourcesBuildPhase section */
		5D400DB926550F3600AC5533 /* Resources */ = {
			isa = PBXResourcesBuildPhase;
			buildActionMask = 2147483647;
			files = (
				5D4D07A0265655C800F49070 /* FacebookProfile.storyboard in Resources */,
				5D400DCB26550F3700AC5533 /* LaunchScreen.storyboard in Resources */,
				5D400DC826550F3700AC5533 /* Assets.xcassets in Resources */,
				5D400DC626550F3600AC5533 /* Main.storyboard in Resources */,
			);
			runOnlyForDeploymentPostprocessing = 0;
		};
		5D400DCF26550F3700AC5533 /* Resources */ = {
			isa = PBXResourcesBuildPhase;
			buildActionMask = 2147483647;
			files = (
			);
			runOnlyForDeploymentPostprocessing = 0;
		};
		5D400DDA26550F3700AC5533 /* Resources */ = {
			isa = PBXResourcesBuildPhase;
			buildActionMask = 2147483647;
			files = (
			);
			runOnlyForDeploymentPostprocessing = 0;
		};
/* End PBXResourcesBuildPhase section */

/* Begin PBXShellScriptBuildPhase section */
		5D37F74A265519FB002666D0 /* ShellScript */ = {
			isa = PBXShellScriptBuildPhase;
			buildActionMask = 12;
			files = (
			);
			inputFileListPaths = (
			);
			inputPaths = (
				"$(SRCROOT)/Carthage/Build/iOS/FBSDKCoreKit.framework",
				"$(SRCROOT)/Carthage/Build/iOS/FBSDKLoginKit.framework",
				"$(SRCROOT)/Carthage/Build/iOS/FBSDKShareKit.framework",
			);
			outputFileListPaths = (
			);
			outputPaths = (
			);
			runOnlyForDeploymentPostprocessing = 0;
			shellPath = /bin/sh;
			shellScript = "/usr/local/bin/carthage copy-frameworks\n";
		};
/* End PBXShellScriptBuildPhase section */

/* Begin PBXSourcesBuildPhase section */
		5D400DB726550F3600AC5533 /* Sources */ = {
			isa = PBXSourcesBuildPhase;
			buildActionMask = 2147483647;
			files = (
				5D400DC326550F3600AC5533 /* ViewController.swift in Sources */,
				5D4D076F265620BE00F49070 /* FacebookManager.swift in Sources */,
				5D4D079B2656558400F49070 /* FacebookProfile.swift in Sources */,
				5D400DBF26550F3600AC5533 /* AppDelegate.swift in Sources */,
				5D400DC126550F3600AC5533 /* SceneDelegate.swift in Sources */,
			);
			runOnlyForDeploymentPostprocessing = 0;
		};
		5D400DCD26550F3700AC5533 /* Sources */ = {
			isa = PBXSourcesBuildPhase;
			buildActionMask = 2147483647;
			files = (
				5D400DD626550F3700AC5533 /* FacebookTests.swift in Sources */,
			);
			runOnlyForDeploymentPostprocessing = 0;
		};
		5D400DD826550F3700AC5533 /* Sources */ = {
			isa = PBXSourcesBuildPhase;
			buildActionMask = 2147483647;
			files = (
				5D400DE126550F3700AC5533 /* FacebookUITests.swift in Sources */,
			);
			runOnlyForDeploymentPostprocessing = 0;
		};
/* End PBXSourcesBuildPhase section */

/* Begin PBXTargetDependency section */
		5D400DD326550F3700AC5533 /* PBXTargetDependency */ = {
			isa = PBXTargetDependency;
			target = 5D400DBA26550F3600AC5533 /* Facebook */;
			targetProxy = 5D400DD226550F3700AC5533 /* PBXContainerItemProxy */;
		};
		5D400DDE26550F3700AC5533 /* PBXTargetDependency */ = {
			isa = PBXTargetDependency;
			target = 5D400DBA26550F3600AC5533 /* Facebook */;
			targetProxy = 5D400DDD26550F3700AC5533 /* PBXContainerItemProxy */;
		};
/* End PBXTargetDependency section */

/* Begin PBXVariantGroup section */
		5D400DC426550F3600AC5533 /* Main.storyboard */ = {
			isa = PBXVariantGroup;
			children = (
				5D400DC526550F3600AC5533 /* Base */,
			);
			name = Main.storyboard;
			sourceTree = "<group>";
		};
		5D400DC926550F3700AC5533 /* LaunchScreen.storyboard */ = {
			isa = PBXVariantGroup;
			children = (
				5D400DCA26550F3700AC5533 /* Base */,
			);
			name = LaunchScreen.storyboard;
			sourceTree = "<group>";
		};
/* End PBXVariantGroup section */

/* Begin XCBuildConfiguration section */
		5D400DE326550F3700AC5533 /* Debug */ = {
			isa = XCBuildConfiguration;
			buildSettings = {
				ALWAYS_SEARCH_USER_PATHS = NO;
				CLANG_ANALYZER_NONNULL = YES;
				CLANG_ANALYZER_NUMBER_OBJECT_CONVERSION = YES_AGGRESSIVE;
				CLANG_CXX_LANGUAGE_STANDARD = "gnu++14";
				CLANG_CXX_LIBRARY = "libc++";
				CLANG_ENABLE_MODULES = YES;
				CLANG_ENABLE_OBJC_ARC = YES;
				CLANG_ENABLE_OBJC_WEAK = YES;
				CLANG_WARN_BLOCK_CAPTURE_AUTORELEASING = YES;
				CLANG_WARN_BOOL_CONVERSION = YES;
				CLANG_WARN_COMMA = YES;
				CLANG_WARN_CONSTANT_CONVERSION = YES;
				CLANG_WARN_DEPRECATED_OBJC_IMPLEMENTATIONS = YES;
				CLANG_WARN_DIRECT_OBJC_ISA_USAGE = YES_ERROR;
				CLANG_WARN_DOCUMENTATION_COMMENTS = YES;
				CLANG_WARN_EMPTY_BODY = YES;
				CLANG_WARN_ENUM_CONVERSION = YES;
				CLANG_WARN_INFINITE_RECURSION = YES;
				CLANG_WARN_INT_CONVERSION = YES;
				CLANG_WARN_NON_LITERAL_NULL_CONVERSION = YES;
				CLANG_WARN_OBJC_IMPLICIT_RETAIN_SELF = YES;
				CLANG_WARN_OBJC_LITERAL_CONVERSION = YES;
				CLANG_WARN_OBJC_ROOT_CLASS = YES_ERROR;
				CLANG_WARN_QUOTED_INCLUDE_IN_FRAMEWORK_HEADER = YES;
				CLANG_WARN_RANGE_LOOP_ANALYSIS = YES;
				CLANG_WARN_STRICT_PROTOTYPES = YES;
				CLANG_WARN_SUSPICIOUS_MOVE = YES;
				CLANG_WARN_UNGUARDED_AVAILABILITY = YES_AGGRESSIVE;
				CLANG_WARN_UNREACHABLE_CODE = YES;
				CLANG_WARN__DUPLICATE_METHOD_MATCH = YES;
				COPY_PHASE_STRIP = NO;
				DEBUG_INFORMATION_FORMAT = dwarf;
				ENABLE_STRICT_OBJC_MSGSEND = YES;
				ENABLE_TESTABILITY = YES;
				GCC_C_LANGUAGE_STANDARD = gnu11;
				GCC_DYNAMIC_NO_PIC = NO;
				GCC_NO_COMMON_BLOCKS = YES;
				GCC_OPTIMIZATION_LEVEL = 0;
				GCC_PREPROCESSOR_DEFINITIONS = (
					"DEBUG=1",
					"$(inherited)",
				);
				GCC_WARN_64_TO_32_BIT_CONVERSION = YES;
				GCC_WARN_ABOUT_RETURN_TYPE = YES_ERROR;
				GCC_WARN_UNDECLARED_SELECTOR = YES;
				GCC_WARN_UNINITIALIZED_AUTOS = YES_AGGRESSIVE;
				GCC_WARN_UNUSED_FUNCTION = YES;
				GCC_WARN_UNUSED_VARIABLE = YES;
				IPHONEOS_DEPLOYMENT_TARGET = 14.2;
				MTL_ENABLE_DEBUG_INFO = INCLUDE_SOURCE;
				MTL_FAST_MATH = YES;
				ONLY_ACTIVE_ARCH = YES;
				SDKROOT = iphoneos;
				SWIFT_ACTIVE_COMPILATION_CONDITIONS = DEBUG;
				SWIFT_OPTIMIZATION_LEVEL = "-Onone";
			};
			name = Debug;
		};
		5D400DE426550F3700AC5533 /* Release */ = {
			isa = XCBuildConfiguration;
			buildSettings = {
				ALWAYS_SEARCH_USER_PATHS = NO;
				CLANG_ANALYZER_NONNULL = YES;
				CLANG_ANALYZER_NUMBER_OBJECT_CONVERSION = YES_AGGRESSIVE;
				CLANG_CXX_LANGUAGE_STANDARD = "gnu++14";
				CLANG_CXX_LIBRARY = "libc++";
				CLANG_ENABLE_MODULES = YES;
				CLANG_ENABLE_OBJC_ARC = YES;
				CLANG_ENABLE_OBJC_WEAK = YES;
				CLANG_WARN_BLOCK_CAPTURE_AUTORELEASING = YES;
				CLANG_WARN_BOOL_CONVERSION = YES;
				CLANG_WARN_COMMA = YES;
				CLANG_WARN_CONSTANT_CONVERSION = YES;
				CLANG_WARN_DEPRECATED_OBJC_IMPLEMENTATIONS = YES;
				CLANG_WARN_DIRECT_OBJC_ISA_USAGE = YES_ERROR;
				CLANG_WARN_DOCUMENTATION_COMMENTS = YES;
				CLANG_WARN_EMPTY_BODY = YES;
				CLANG_WARN_ENUM_CONVERSION = YES;
				CLANG_WARN_INFINITE_RECURSION = YES;
				CLANG_WARN_INT_CONVERSION = YES;
				CLANG_WARN_NON_LITERAL_NULL_CONVERSION = YES;
				CLANG_WARN_OBJC_IMPLICIT_RETAIN_SELF = YES;
				CLANG_WARN_OBJC_LITERAL_CONVERSION = YES;
				CLANG_WARN_OBJC_ROOT_CLASS = YES_ERROR;
				CLANG_WARN_QUOTED_INCLUDE_IN_FRAMEWORK_HEADER = YES;
				CLANG_WARN_RANGE_LOOP_ANALYSIS = YES;
				CLANG_WARN_STRICT_PROTOTYPES = YES;
				CLANG_WARN_SUSPICIOUS_MOVE = YES;
				CLANG_WARN_UNGUARDED_AVAILABILITY = YES_AGGRESSIVE;
				CLANG_WARN_UNREACHABLE_CODE = YES;
				CLANG_WARN__DUPLICATE_METHOD_MATCH = YES;
				COPY_PHASE_STRIP = NO;
				DEBUG_INFORMATION_FORMAT = "dwarf-with-dsym";
				ENABLE_NS_ASSERTIONS = NO;
				ENABLE_STRICT_OBJC_MSGSEND = YES;
				GCC_C_LANGUAGE_STANDARD = gnu11;
				GCC_NO_COMMON_BLOCKS = YES;
				GCC_WARN_64_TO_32_BIT_CONVERSION = YES;
				GCC_WARN_ABOUT_RETURN_TYPE = YES_ERROR;
				GCC_WARN_UNDECLARED_SELECTOR = YES;
				GCC_WARN_UNINITIALIZED_AUTOS = YES_AGGRESSIVE;
				GCC_WARN_UNUSED_FUNCTION = YES;
				GCC_WARN_UNUSED_VARIABLE = YES;
				IPHONEOS_DEPLOYMENT_TARGET = 14.2;
				MTL_ENABLE_DEBUG_INFO = NO;
				MTL_FAST_MATH = YES;
				SDKROOT = iphoneos;
				SWIFT_COMPILATION_MODE = wholemodule;
				SWIFT_OPTIMIZATION_LEVEL = "-O";
				VALIDATE_PRODUCT = YES;
			};
			name = Release;
		};
		5D400DE626550F3700AC5533 /* Debug */ = {
			isa = XCBuildConfiguration;
			buildSettings = {
				ASSETCATALOG_COMPILER_APPICON_NAME = AppIcon;
				ASSETCATALOG_COMPILER_GLOBAL_ACCENT_COLOR_NAME = AccentColor;
				CODE_SIGN_IDENTITY = "Apple Development";
				CODE_SIGN_STYLE = Automatic;
				DEVELOPMENT_TEAM = N2GSJ736V3;
				FRAMEWORK_SEARCH_PATHS = (
					"$(inherited)",
					"$(PROJECT_DIR)/Carthage/Build/iOS",
				);
				INFOPLIST_FILE = Facebook/Info.plist;
				LD_RUNPATH_SEARCH_PATHS = (
					"$(inherited)",
					"@executable_path/Frameworks",
				);
				PRODUCT_BUNDLE_IDENTIFIER = thammanoon.Facebook;
				PRODUCT_NAME = "$(TARGET_NAME)";
				PROVISIONING_PROFILE_SPECIFIER = "";
				SWIFT_VERSION = 5.0;
				TARGETED_DEVICE_FAMILY = "1,2";
			};
			name = Debug;
		};
		5D400DE726550F3700AC5533 /* Release */ = {
			isa = XCBuildConfiguration;
			buildSettings = {
				ASSETCATALOG_COMPILER_APPICON_NAME = AppIcon;
				ASSETCATALOG_COMPILER_GLOBAL_ACCENT_COLOR_NAME = AccentColor;
				CODE_SIGN_IDENTITY = "Apple Development";
				CODE_SIGN_STYLE = Automatic;
				DEVELOPMENT_TEAM = N2GSJ736V3;
				FRAMEWORK_SEARCH_PATHS = (
					"$(inherited)",
					"$(PROJECT_DIR)/Carthage/Build/iOS",
				);
				INFOPLIST_FILE = Facebook/Info.plist;
				LD_RUNPATH_SEARCH_PATHS = (
					"$(inherited)",
					"@executable_path/Frameworks",
				);
				PRODUCT_BUNDLE_IDENTIFIER = thammanoon.Facebook;
				PRODUCT_NAME = "$(TARGET_NAME)";
				PROVISIONING_PROFILE_SPECIFIER = "";
				SWIFT_VERSION = 5.0;
				TARGETED_DEVICE_FAMILY = "1,2";
			};
			name = Release;
		};
		5D400DE926550F3700AC5533 /* Debug */ = {
			isa = XCBuildConfiguration;
			buildSettings = {
				ALWAYS_EMBED_SWIFT_STANDARD_LIBRARIES = YES;
				BUNDLE_LOADER = "$(TEST_HOST)";
				"CODE_SIGN_IDENTITY[sdk=macosx*]" = "Apple Development";
				CODE_SIGN_STYLE = Automatic;
				DEVELOPMENT_TEAM = "";
				INFOPLIST_FILE = FacebookTests/Info.plist;
				IPHONEOS_DEPLOYMENT_TARGET = 14.2;
				LD_RUNPATH_SEARCH_PATHS = (
					"$(inherited)",
					"@executable_path/Frameworks",
					"@loader_path/Frameworks",
				);
				PRODUCT_BUNDLE_IDENTIFIER = test.FacebookTests;
				PRODUCT_NAME = "$(TARGET_NAME)";
				SWIFT_VERSION = 5.0;
				TARGETED_DEVICE_FAMILY = "1,2";
				TEST_HOST = "$(BUILT_PRODUCTS_DIR)/Facebook.app/Facebook";
			};
			name = Debug;
		};
		5D400DEA26550F3700AC5533 /* Release */ = {
			isa = XCBuildConfiguration;
			buildSettings = {
				ALWAYS_EMBED_SWIFT_STANDARD_LIBRARIES = YES;
				BUNDLE_LOADER = "$(TEST_HOST)";
				"CODE_SIGN_IDENTITY[sdk=macosx*]" = "Apple Development";
				CODE_SIGN_STYLE = Automatic;
				DEVELOPMENT_TEAM = "";
				INFOPLIST_FILE = FacebookTests/Info.plist;
				IPHONEOS_DEPLOYMENT_TARGET = 14.2;
				LD_RUNPATH_SEARCH_PATHS = (
					"$(inherited)",
					"@executable_path/Frameworks",
					"@loader_path/Frameworks",
				);
				PRODUCT_BUNDLE_IDENTIFIER = test.FacebookTests;
				PRODUCT_NAME = "$(TARGET_NAME)";
				SWIFT_VERSION = 5.0;
				TARGETED_DEVICE_FAMILY = "1,2";
				TEST_HOST = "$(BUILT_PRODUCTS_DIR)/Facebook.app/Facebook";
			};
			name = Release;
		};
		5D400DEC26550F3700AC5533 /* Debug */ = {
			isa = XCBuildConfiguration;
			buildSettings = {
				ALWAYS_EMBED_SWIFT_STANDARD_LIBRARIES = YES;
				CODE_SIGN_STYLE = Automatic;
				INFOPLIST_FILE = FacebookUITests/Info.plist;
				LD_RUNPATH_SEARCH_PATHS = (
					"$(inherited)",
					"@executable_path/Frameworks",
					"@loader_path/Frameworks",
				);
				PRODUCT_BUNDLE_IDENTIFIER = test.FacebookUITests;
				PRODUCT_NAME = "$(TARGET_NAME)";
				SWIFT_VERSION = 5.0;
				TARGETED_DEVICE_FAMILY = "1,2";
				TEST_TARGET_NAME = Facebook;
			};
			name = Debug;
		};
		5D400DED26550F3700AC5533 /* Release */ = {
			isa = XCBuildConfiguration;
			buildSettings = {
				ALWAYS_EMBED_SWIFT_STANDARD_LIBRARIES = YES;
				CODE_SIGN_STYLE = Automatic;
				INFOPLIST_FILE = FacebookUITests/Info.plist;
				LD_RUNPATH_SEARCH_PATHS = (
					"$(inherited)",
					"@executable_path/Frameworks",
					"@loader_path/Frameworks",
				);
				PRODUCT_BUNDLE_IDENTIFIER = test.FacebookUITests;
				PRODUCT_NAME = "$(TARGET_NAME)";
				SWIFT_VERSION = 5.0;
				TARGETED_DEVICE_FAMILY = "1,2";
				TEST_TARGET_NAME = Facebook;
			};
			name = Release;
		};
/* End XCBuildConfiguration section */

/* Begin XCConfigurationList section */
		5D400DB626550F3600AC5533 /* Build configuration list for PBXProject "Facebook" */ = {
			isa = XCConfigurationList;
			buildConfigurations = (
				5D400DE326550F3700AC5533 /* Debug */,
				5D400DE426550F3700AC5533 /* Release */,
			);
			defaultConfigurationIsVisible = 0;
			defaultConfigurationName = Release;
		};
		5D400DE526550F3700AC5533 /* Build configuration list for PBXNativeTarget "Facebook" */ = {
			isa = XCConfigurationList;
			buildConfigurations = (
				5D400DE626550F3700AC5533 /* Debug */,
				5D400DE726550F3700AC5533 /* Release */,
			);
			defaultConfigurationIsVisible = 0;
			defaultConfigurationName = Release;
		};
		5D400DE826550F3700AC5533 /* Build configuration list for PBXNativeTarget "FacebookTests" */ = {
			isa = XCConfigurationList;
			buildConfigurations = (
				5D400DE926550F3700AC5533 /* Debug */,
				5D400DEA26550F3700AC5533 /* Release */,
			);
			defaultConfigurationIsVisible = 0;
			defaultConfigurationName = Release;
		};
		5D400DEB26550F3700AC5533 /* Build configuration list for PBXNativeTarget "FacebookUITests" */ = {
			isa = XCConfigurationList;
			buildConfigurations = (
				5D400DEC26550F3700AC5533 /* Debug */,
				5D400DED26550F3700AC5533 /* Release */,
			);
			defaultConfigurationIsVisible = 0;
			defaultConfigurationName = Release;
		};
/* End XCConfigurationList section */
	};
	rootObject = 5D400DB326550F3600AC5533 /* Project object */;
}
